
Microsoft Visual Studio Solution File, Format Version 11.00
# Visual Studio 2010
Project("{2150E333-8FDC-42A3-9474-1A3956D46DE8}") = "Build Files", "Build Files", "{9F5C1192-991C-46B9-A28C-8099DFEFC58C}"
	ProjectSection(SolutionItems) = preProject
		..\..\Build\Balder.build = ..\..\Build\Balder.build
	EndProjectSection
EndProject
Project("{FAE04EC0-301F-11D3-BF4B-00C04F79EFBC}") = "Balder.Build.Tasks", "..\Balder.Build.Tasks\Balder.Build.Tasks.csproj", "{0506A35B-C824-4681-A9AD-BFCC78448DCA}"
EndProject
Project("{FAE04EC0-301F-11D3-BF4B-00C04F79EFBC}") = "Balder.Build.Viewer", "..\Balder.Build.Viewer\Balder.Build.Viewer.csproj", "{08B673F8-333B-4EE3-BB12-DFA7B711038F}"
EndProject
Project("{FAE04EC0-301F-11D3-BF4B-00C04F79EFBC}") = "Balder.Build.Tasks.Tests", "..\Balder.Build.Tasks.Tests\Balder.Build.Tasks.Tests.csproj", "{57FF87F5-5DD6-4DBB-AD78-0F205823372B}"
EndProject
Global
	GlobalSection(SolutionConfigurationPlatforms) = preSolution
		Debug|Any CPU = Debug|Any CPU
		Release|Any CPU = Release|Any CPU
	EndGlobalSection
	GlobalSection(ProjectConfigurationPlatforms) = postSolution
		{0506A35B-C824-4681-A9AD-BFCC78448DCA}.Debug|Any CPU.ActiveCfg = Debug|Any CPU
		{0506A35B-C824-4681-A9AD-BFCC78448DCA}.Debug|Any CPU.Build.0 = Debug|Any CPU
		{0506A35B-C824-4681-A9AD-BFCC78448DCA}.Release|Any CPU.ActiveCfg = Release|Any CPU
		{0506A35B-C824-4681-A9AD-BFCC78448DCA}.Release|Any CPU.Build.0 = Release|Any CPU
		{08B673F8-333B-4EE3-BB12-DFA7B711038F}.Debug|Any CPU.ActiveCfg = Debug|Any CPU
		{08B673F8-333B-4EE3-BB12-DFA7B711038F}.Debug|Any CPU.Build.0 = Debug|Any CPU
		{08B673F8-333B-4EE3-BB12-DFA7B711038F}.Release|Any CPU.ActiveCfg = Release|Any CPU
		{08B673F8-333B-4EE3-BB12-DFA7B711038F}.Release|Any CPU.Build.0 = Release|Any CPU
		{57FF87F5-5DD6-4DBB-AD78-0F205823372B}.Debug|Any CPU.ActiveCfg = Debug|Any CPU
		{57FF87F5-5DD6-4DBB-AD78-0F205823372B}.Debug|Any CPU.Build.0 = Debug|Any CPU
		{57FF87F5-5DD6-4DBB-AD78-0F205823372B}.Release|Any CPU.ActiveCfg = Release|Any CPU
		{57FF87F5-5DD6-4DBB-AD78-0F205823372B}.Release|Any CPU.Build.0 = Release|Any CPU
	EndGlobalSection
	GlobalSection(SolutionProperties) = preSolution
		HideSolutionNode = FALSE
	EndGlobalSection
EndGlobal
