
Microsoft Visual Studio Solution File, Format Version 11.00
# Visual Studio 2010
Project("{2150E333-8FDC-42A3-9474-1A3956D46DE8}") = "Core", "Core", "{2AC081A1-6E83-40C1-9632-127AF77F0065}"
EndProject
Project("{2150E333-8FDC-42A3-9474-1A3956D46DE8}") = "Testing", "Testing", "{E974FF26-421A-483F-AF33-A86326597A5C}"
EndProject
Project("{FAE04EC0-301F-11D3-BF4B-00C04F79EFBC}") = "Balder.Core.Desktop", "..\Balder.Core\Balder.Core.Desktop.csproj", "{2E1F0FD0-72F6-4797-A809-327DB577E3E4}"
EndProject
Project("{FAE04EC0-301F-11D3-BF4B-00C04F79EFBC}") = "Balder.Core.Tests.Desktop", "..\Balder.Core.Tests\Balder.Core.Tests.Desktop.csproj", "{DF5C98AD-64D5-42FE-986E-C076DA46CF63}"
EndProject
Project("{FAE04EC0-301F-11D3-BF4B-00C04F79EFBC}") = "Balder.Testing.Desktop", "..\Balder.Testing\Balder.Testing.Desktop.csproj", "{59861862-8084-41F2-A7FB-54440E1FE8B2}"
EndProject
Global
	GlobalSection(MercurialSourceControlSolutionProperties) = preSolution
		SolutionIsControlled = True
		SolutionBindings = <Solution Location In Database>
	EndGlobalSection
	GlobalSection(SolutionConfigurationPlatforms) = preSolution
		Debug|Any CPU = Debug|Any CPU
		Release|Any CPU = Release|Any CPU
	EndGlobalSection
	GlobalSection(ProjectConfigurationPlatforms) = postSolution
		{2E1F0FD0-72F6-4797-A809-327DB577E3E4}.Debug|Any CPU.ActiveCfg = Debug|Any CPU
		{2E1F0FD0-72F6-4797-A809-327DB577E3E4}.Debug|Any CPU.Build.0 = Debug|Any CPU
		{2E1F0FD0-72F6-4797-A809-327DB577E3E4}.Release|Any CPU.ActiveCfg = Release|Any CPU
		{2E1F0FD0-72F6-4797-A809-327DB577E3E4}.Release|Any CPU.Build.0 = Release|Any CPU
		{DF5C98AD-64D5-42FE-986E-C076DA46CF63}.Debug|Any CPU.ActiveCfg = Debug|Any CPU
		{DF5C98AD-64D5-42FE-986E-C076DA46CF63}.Debug|Any CPU.Build.0 = Debug|Any CPU
		{DF5C98AD-64D5-42FE-986E-C076DA46CF63}.Release|Any CPU.ActiveCfg = Release|Any CPU
		{DF5C98AD-64D5-42FE-986E-C076DA46CF63}.Release|Any CPU.Build.0 = Release|Any CPU
		{59861862-8084-41F2-A7FB-54440E1FE8B2}.Debug|Any CPU.ActiveCfg = Debug|Any CPU
		{59861862-8084-41F2-A7FB-54440E1FE8B2}.Debug|Any CPU.Build.0 = Debug|Any CPU
		{59861862-8084-41F2-A7FB-54440E1FE8B2}.Release|Any CPU.ActiveCfg = Release|Any CPU
		{59861862-8084-41F2-A7FB-54440E1FE8B2}.Release|Any CPU.Build.0 = Release|Any CPU
	EndGlobalSection
	GlobalSection(SolutionProperties) = preSolution
		HideSolutionNode = FALSE
	EndGlobalSection
	GlobalSection(NestedProjects) = preSolution
		{2E1F0FD0-72F6-4797-A809-327DB577E3E4} = {2AC081A1-6E83-40C1-9632-127AF77F0065}
		{DF5C98AD-64D5-42FE-986E-C076DA46CF63} = {2AC081A1-6E83-40C1-9632-127AF77F0065}
		{59861862-8084-41F2-A7FB-54440E1FE8B2} = {E974FF26-421A-483F-AF33-A86326597A5C}
	EndGlobalSection
	GlobalSection(NDepend) = preSolution
		Project = ""
	EndGlobalSection
EndGlobal
